
Microsoft Visual Studio Solution File, Format Version 12.00
# Visual Studio Version 17
VisualStudioVersion = 17.9.34728.123
MinimumVisualStudioVersion = 10.0.40219.1
Project("{FAE04EC0-301F-11D3-BF4B-00C04F79EFBC}") = "Task1", "Task1\Task1.csproj", "{C07F69B3-B887-4ACE-8775-5B337EE45B0B}"
EndProject
Project("{FAE04EC0-301F-11D3-BF4B-00C04F79EFBC}") = "Task2", "Task2\Task2.csproj", "{66DA90A9-C41F-40A7-A927-BF6B169778DE}"
EndProject
Project("{FAE04EC0-301F-11D3-BF4B-00C04F79EFBC}") = "Task3", "Task3\Task3.csproj", "{5F136FA3-20F6-4891-AF8E-F0D957F82ACE}"
EndProject
Project("{FAE04EC0-301F-11D3-BF4B-00C04F79EFBC}") = "Task4", "Task4\Task4.csproj", "{EE765583-54B9-48B3-A34D-BAA884695E2E}"
EndProject
Project("{FAE04EC0-301F-11D3-BF4B-00C04F79EFBC}") = "Task5", "Task5\Task5.csproj", "{41A7AFCB-B344-4009-9ABC-B02C76102F08}"
EndProject
Global
	GlobalSection(SolutionConfigurationPlatforms) = preSolution
		Debug|Any CPU = Debug|Any CPU
		Release|Any CPU = Release|Any CPU
	EndGlobalSection
	GlobalSection(ProjectConfigurationPlatforms) = postSolution
		{C07F69B3-B887-4ACE-8775-5B337EE45B0B}.Debug|Any CPU.ActiveCfg = Debug|Any CPU
		{C07F69B3-B887-4ACE-8775-5B337EE45B0B}.Debug|Any CPU.Build.0 = Debug|Any CPU
		{C07F69B3-B887-4ACE-8775-5B337EE45B0B}.Release|Any CPU.ActiveCfg = Release|Any CPU
		{C07F69B3-B887-4ACE-8775-5B337EE45B0B}.Release|Any CPU.Build.0 = Release|Any CPU
		{66DA90A9-C41F-40A7-A927-BF6B169778DE}.Debug|Any CPU.ActiveCfg = Debug|Any CPU
		{66DA90A9-C41F-40A7-A927-BF6B169778DE}.Debug|Any CPU.Build.0 = Debug|Any CPU
		{66DA90A9-C41F-40A7-A927-BF6B169778DE}.Release|Any CPU.ActiveCfg = Release|Any CPU
		{66DA90A9-C41F-40A7-A927-BF6B169778DE}.Release|Any CPU.Build.0 = Release|Any CPU
		{5F136FA3-20F6-4891-AF8E-F0D957F82ACE}.Debug|Any CPU.ActiveCfg = Debug|Any CPU
		{5F136FA3-20F6-4891-AF8E-F0D957F82ACE}.Debug|Any CPU.Build.0 = Debug|Any CPU
		{5F136FA3-20F6-4891-AF8E-F0D957F82ACE}.Release|Any CPU.ActiveCfg = Release|Any CPU
		{5F136FA3-20F6-4891-AF8E-F0D957F82ACE}.Release|Any CPU.Build.0 = Release|Any CPU
		{EE765583-54B9-48B3-A34D-BAA884695E2E}.Debug|Any CPU.ActiveCfg = Debug|Any CPU
		{EE765583-54B9-48B3-A34D-BAA884695E2E}.Debug|Any CPU.Build.0 = Debug|Any CPU
		{EE765583-54B9-48B3-A34D-BAA884695E2E}.Release|Any CPU.ActiveCfg = Release|Any CPU
		{EE765583-54B9-48B3-A34D-BAA884695E2E}.Release|Any CPU.Build.0 = Release|Any CPU
		{41A7AFCB-B344-4009-9ABC-B02C76102F08}.Debug|Any CPU.ActiveCfg = Debug|Any CPU
		{41A7AFCB-B344-4009-9ABC-B02C76102F08}.Debug|Any CPU.Build.0 = Debug|Any CPU
		{41A7AFCB-B344-4009-9ABC-B02C76102F08}.Release|Any CPU.ActiveCfg = Release|Any CPU
		{41A7AFCB-B344-4009-9ABC-B02C76102F08}.Release|Any CPU.Build.0 = Release|Any CPU
	EndGlobalSection
	GlobalSection(SolutionProperties) = preSolution
		HideSolutionNode = FALSE
	EndGlobalSection
	GlobalSection(ExtensibilityGlobals) = postSolution
		SolutionGuid = {F48CC4E4-0F8F-4DE7-A340-1EA4CA29AA68}
	EndGlobalSection
EndGlobal
